PODS:
  - better_player (0.0.1):
    - Flutter
    - KTVHTTPCache (~> 2.0.0)
  - CocoaAsyncSocket (7.6.5)
  - Flutter (1.0.0)
  - image_picker_ios (0.0.1):
    - Flutter
  - KTVCocoaHTTPServer (1.0.0):
    - CocoaAsyncSocket
  - KTVHTTPCache (2.0.1):
    - KTVCocoaHTTPServer
  - path_provider_foundation (0.0.1):
    - Flutter
    - FlutterMacOS
  - shared_preferences_foundation (0.0.1):
    - Flutter
    - FlutterMacOS
  - video_player_avfoundation (0.0.1):
    - Flutter
    - FlutterMacOS
  - wakelock (0.0.1):
    - Flutter

DEPENDENCIES:
  - better_player (from `.symlinks/plugins/better_player/ios`)
  - Flutter (from `Flutter`)
  - image_picker_ios (from `.symlinks/plugins/image_picker_ios/ios`)
  - path_provider_foundation (from `.symlinks/plugins/path_provider_foundation/darwin`)
  - shared_preferences_foundation (from `.symlinks/plugins/shared_preferences_foundation/darwin`)
  - video_player_avfoundation (from `.symlinks/plugins/video_player_avfoundation/darwin`)
  - wakelock (from `.symlinks/plugins/wakelock/ios`)

SPEC REPOS:
  trunk:
    - CocoaAsyncSocket
    - KTVCocoaHTTPServer
    - KTVHTTPCache

EXTERNAL SOURCES:
  better_player:
    :path: ".symlinks/plugins/better_player/ios"
  Flutter:
    :path: Flutter
  image_picker_ios:
    :path: ".symlinks/plugins/image_picker_ios/ios"
  path_provider_foundation:
    :path: ".symlinks/plugins/path_provider_foundation/darwin"
  shared_preferences_foundation:
    :path: ".symlinks/plugins/shared_preferences_foundation/darwin"
  video_player_avfoundation:
    :path: ".symlinks/plugins/video_player_avfoundation/darwin"
  wakelock:
    :path: ".symlinks/plugins/wakelock/ios"

SPEC CHECKSUMS:
  better_player: a4383402f457e53720525888c0fc5d337ef6ba11
  CocoaAsyncSocket: 065fd1e645c7abab64f7a6a2007a48038fdc6a99
  Flutter: f04841e97a9d0b0a8025694d0796dd46242b2854
  image_picker_ios: 4a8aadfbb6dc30ad5141a2ce3832af9214a705b5
  KTVCocoaHTTPServer: df8d7b861e603ff8037e9b2138aca2563a6b768d
  KTVHTTPCache: 588c3eb16f6bd1e6fde1e230dabfb7bd4e490a4d
  path_provider_foundation: 29f094ae23ebbca9d3d0cec13889cd9060c0e943
  shared_preferences_foundation: 5b919d13b803cadd15ed2dc053125c68730e5126
  video_player_avfoundation: 8563f13d8fc8b2c29dc2d09e60b660e4e8128837
  wakelock: d0fc7c864128eac40eba1617cb5264d9c940b46f

PODFILE CHECKSUM: 70d9d25280d0dd177a5f637cdb0f0b0b12c6a189

COCOAPODS: 1.13.0
